
Microsoft Visual Studio Solution File, Format Version 12.00
# Visual Studio Version 17
VisualStudioVersion = 17.5.33627.172
MinimumVisualStudioVersion = 10.0.40219.1
Project("{8BC9CEB8-8B4A-11D0-8D11-00A0C91BC942}") = "SPR421", "SPR421\SPR421.vcxproj", "{F863C7FB-B84F-4747-AA66-D06589BE6DF1}"
EndProject
Global
	GlobalSection(SolutionConfigurationPlatforms) = preSolution
		Debug|x64 = Debug|x64
		Debug|x86 = Debug|x86
		Release|x64 = Release|x64
		Release|x86 = Release|x86
	EndGlobalSection
	GlobalSection(ProjectConfigurationPlatforms) = postSolution
		{F863C7FB-B84F-4747-AA66-D06589BE6DF1}.Debug|x64.ActiveCfg = Debug|x64
		{F863C7FB-B84F-4747-AA66-D06589BE6DF1}.Debug|x64.Build.0 = Debug|x64
		{F863C7FB-B84F-4747-AA66-D06589BE6DF1}.Debug|x86.ActiveCfg = Debug|Win32
		{F863C7FB-B84F-4747-AA66-D06589BE6DF1}.Debug|x86.Build.0 = Debug|Win32
		{F863C7FB-B84F-4747-AA66-D06589BE6DF1}.Release|x64.ActiveCfg = Release|x64
		{F863C7FB-B84F-4747-AA66-D06589BE6DF1}.Release|x64.Build.0 = Release|x64
		{F863C7FB-B84F-4747-AA66-D06589BE6DF1}.Release|x86.ActiveCfg = Release|Win32
		{F863C7FB-B84F-4747-AA66-D06589BE6DF1}.Release|x86.Build.0 = Release|Win32
	EndGlobalSection
	GlobalSection(SolutionProperties) = preSolution
		HideSolutionNode = FALSE
	EndGlobalSection
	GlobalSection(ExtensibilityGlobals) = postSolution
		SolutionGuid = {F7110E86-ECA6-4E34-B2D2-56C9C2874FAE}
	EndGlobalSection
EndGlobal
